{
    "_meta": {
        "hash": {
            "sha256": "6d6542e5b0c453cea873d13ff5584df1a03a81505d66487aab1123cd312bd35d"
        },
        "pipfile-spec": 6,
        "requires": {
            "python_version": "3.9"
        },
        "sources": [
            {
                "name": "pypi",
                "url": "https://pypi.org/simple",
                "verify_ssl": true
            }
        ]
    },
    "default": {
        "helper": {
            "editable": true,
            "path": "."
        }
    },
    "develop": {}
}
